lockfileVersion: 5.4

specifiers:
  '@jmondi/prisma-generator-nestjs-graphql': workspace:*
  '@nestjs/common': ^8.4.6
  '@nestjs/core': ^8.4.6
  '@nestjs/graphql': ^10.0.13
  '@ngneat/falso': ^5.4.0
  '@prisma/client': ^3.14.0
  '@types/node': ^17.0.38
  bcryptjs: ^2.4.3
  class-validator: ^0.13.2
  graphql: ^16.5.0
  prettier: ^2.6.2
  prisma: ^3.14.0
  reflect-metadata: ^0.1.13
  rxjs: ^7.5.5
  ts-node: ^10.8.0
  typescript: ^4.7.2
  uuid: ^8.3.2

dependencies:
  '@nestjs/common': 8.4.6_ilikvm6h45uttjv3bneyjhbbs4
  '@nestjs/core': 8.4.6_qna2ix3wuyhvmc56wewcijj25m
  '@nestjs/graphql': 10.0.14_27imizopgiji4gzwxg3xwu2uma
  '@prisma/client': 3.14.0_prisma@3.14.0
  class-validator: 0.13.2
  prettier: 2.6.2

devDependencies:
  '@jmondi/prisma-generator-nestjs-graphql': link:..
  '@ngneat/falso': 5.4.1
  '@types/node': 17.0.38
  bcryptjs: 2.4.3
  graphql: 16.5.0
  prisma: 3.14.0
  reflect-metadata: 0.1.13
  rxjs: 7.5.5
  ts-node: 10.8.0_h77muqpegcwcauif74p6js2ti4
  typescript: 4.7.2
  uuid: 8.3.2

packages:

  /@cspotcode/source-map-support/0.8.1:
    resolution: {integrity: sha512-IchNf6dN4tHoMFIn/7OE8LWZ19Y6q/67Bmf6vnGREv8RSbBVb9LPJxEcnwrcwX6ixSvaiGoomAUvu4YSxXrVgw==}
    engines: {node: '>=12'}
    dependencies:
      '@jridgewell/trace-mapping': 0.3.9
    dev: true

  /@graphql-tools/merge/8.2.13_graphql@16.5.0:
    resolution: {integrity: sha512-lhzjCa6wCthOYl7B6UzER3SGjU2WjSGnW0WGr8giMYsrtf6G3vIRotMcSVMlhDzyyMIOn7uPULOUt3/kaJ/rIA==}
    peerDependencies:
      graphql: ^14.0.0 || ^15.0.0 || ^16.0.0 || ^17.0.0
    dependencies:
      '@graphql-tools/utils': 8.6.12_graphql@16.5.0
      graphql: 16.5.0
      tslib: 2.4.0
    dev: false

  /@graphql-tools/schema/8.3.13_graphql@16.5.0:
    resolution: {integrity: sha512-e+bx1VHj1i5v4HmhCYCar0lqdoLmkRi/CfV07rTqHR6CRDbIb/S/qDCajHLt7FCovQ5ozlI5sRVbBhzfq5H0PQ==}
    peerDependencies:
      graphql: ^14.0.0 || ^15.0.0 || ^16.0.0 || ^17.0.0
    dependencies:
      '@graphql-tools/merge': 8.2.13_graphql@16.5.0
      '@graphql-tools/utils': 8.6.12_graphql@16.5.0
      graphql: 16.5.0
      tslib: 2.4.0
      value-or-promise: 1.0.11
    dev: false

  /@graphql-tools/utils/8.6.12_graphql@16.5.0:
    resolution: {integrity: sha512-WQ91O40RC+UJgZ9K+IzevSf8oolR1QE+WQ21Oyc2fgDYYiqT0eSf+HVyhZr/8x9rVjn3N9HeqCsywbdmbljg0w==}
    peerDependencies:
      graphql: ^14.0.0 || ^15.0.0 || ^16.0.0 || ^17.0.0
    dependencies:
      graphql: 16.5.0
      tslib: 2.4.0
    dev: false

  /@jridgewell/resolve-uri/3.0.7:
    resolution: {integrity: sha512-8cXDaBBHOr2pQ7j77Y6Vp5VDT2sIqWyWQ56TjEq4ih/a4iST3dItRe8Q9fp0rrIl9DoKhWQtUQz/YpOxLkXbNA==}
    engines: {node: '>=6.0.0'}
    dev: true

  /@jridgewell/sourcemap-codec/1.4.13:
    resolution: {integrity: sha512-GryiOJmNcWbovBxTfZSF71V/mXbgcV3MewDe3kIMCLyIh5e7SKAeUZs+rMnJ8jkMolZ/4/VsdBmMrw3l+VdZ3w==}
    dev: true

  /@jridgewell/trace-mapping/0.3.9:
    resolution: {integrity: sha512-3Belt6tdc8bPgAtbcmdtNJlirVoTmEb5e2gC94PnkwEW9jI6CAHUeoG85tjWP5WquqfavoMtMwiG4P926ZKKuQ==}
    dependencies:
      '@jridgewell/resolve-uri': 3.0.7
      '@jridgewell/sourcemap-codec': 1.4.13
    dev: true

  /@nestjs/common/8.4.6_ilikvm6h45uttjv3bneyjhbbs4:
    resolution: {integrity: sha512-INp1ERDrLiQ4GwRc3zotTwBLZm2sIwcJwnBE2yXqsth17KijmoVmY8UB5Tares0IlwjsqlRFWkCX8uWE5rzbSA==}
    peerDependencies:
      cache-manager: '*'
      class-transformer: '*'
      class-validator: '*'
      reflect-metadata: ^0.1.12
      rxjs: ^7.1.0
    peerDependenciesMeta:
      cache-manager:
        optional: true
      class-transformer:
        optional: true
      class-validator:
        optional: true
    dependencies:
      axios: 0.27.2
      class-validator: 0.13.2
      iterare: 1.2.1
      reflect-metadata: 0.1.13
      rxjs: 7.5.5
      tslib: 2.4.0
      uuid: 8.3.2
    transitivePeerDependencies:
      - debug
    dev: false

  /@nestjs/core/8.4.6_qna2ix3wuyhvmc56wewcijj25m:
    resolution: {integrity: sha512-5zHpxTYV7HT3lfF7l/x0EWBfmuyuDOnGRcALf88tzDGs/7Q/VC6l65d6eFwDwI37NLtScqnmEkT9of8E3fT3mA==}
    requiresBuild: true
    peerDependencies:
      '@nestjs/common': ^8.0.0
      '@nestjs/microservices': ^8.0.0
      '@nestjs/platform-express': ^8.0.0
      '@nestjs/websockets': ^8.0.0
      reflect-metadata: ^0.1.12
      rxjs: ^7.1.0
    peerDependenciesMeta:
      '@nestjs/microservices':
        optional: true
      '@nestjs/platform-express':
        optional: true
      '@nestjs/websockets':
        optional: true
    dependencies:
      '@nestjs/common': 8.4.6_ilikvm6h45uttjv3bneyjhbbs4
      '@nuxtjs/opencollective': 0.3.2
      fast-safe-stringify: 2.1.1
      iterare: 1.2.1
      object-hash: 3.0.0
      path-to-regexp: 3.2.0
      reflect-metadata: 0.1.13
      rxjs: 7.5.5
      tslib: 2.4.0
      uuid: 8.3.2
    transitivePeerDependencies:
      - encoding
    dev: false

  /@nestjs/graphql/10.0.14_27imizopgiji4gzwxg3xwu2uma:
    resolution: {integrity: sha512-GDxVmK1Y68Y8DobwbVwijnUnC9Xafgq9iWHMHLkYg98HajO96kCitxXVwoGqNWvakesV4gJetPjg/GyKRcndjg==}
    peerDependencies:
      '@apollo/subgraph': ^0.1.5 || ^0.3.0 || ^0.4.0 || ^2.0.0
      '@nestjs/common': ^8.2.3
      '@nestjs/core': ^8.2.3
      graphql: ^15.8.0 || ^16.0.0
      reflect-metadata: ^0.1.13
      ts-morph: ^13.0.2 || ^14.0.0 || ^15.0.0
    peerDependenciesMeta:
      '@apollo/subgraph':
        optional: true
      ts-morph:
        optional: true
    dependencies:
      '@graphql-tools/merge': 8.2.13_graphql@16.5.0
      '@graphql-tools/schema': 8.3.13_graphql@16.5.0
      '@graphql-tools/utils': 8.6.12_graphql@16.5.0
      '@nestjs/common': 8.4.6_ilikvm6h45uttjv3bneyjhbbs4
      '@nestjs/core': 8.4.6_qna2ix3wuyhvmc56wewcijj25m
      '@nestjs/mapped-types': 1.0.1_jlv5b2xy7azm2psqovf4d5dtbq
      chokidar: 3.5.3
      fast-glob: 3.2.11
      graphql: 16.5.0
      graphql-tag: 2.12.6_graphql@16.5.0
      graphql-ws: 5.5.5_graphql@16.5.0
      lodash: 4.17.21
      normalize-path: 3.0.0
      reflect-metadata: 0.1.13
      subscriptions-transport-ws: 0.11.0_graphql@16.5.0
      tslib: 2.4.0
      uuid: 8.3.2
      ws: 8.7.0
    transitivePeerDependencies:
      - bufferutil
      - class-transformer
      - class-validator
      - utf-8-validate
    dev: false

  /@nestjs/mapped-types/1.0.1_jlv5b2xy7azm2psqovf4d5dtbq:
    resolution: {integrity: sha512-NFvofzSinp00j5rzUd4tf+xi9od6383iY0JP7o0Bnu1fuItAUkWBgc4EKuIQ3D+c2QI3i9pG1kDWAeY27EMGtg==}
    peerDependencies:
      '@nestjs/common': ^7.0.8 || ^8.0.0
      class-transformer: ^0.2.0 || ^0.3.0 || ^0.4.0 || ^0.5.0
      class-validator: ^0.11.1 || ^0.12.0 || ^0.13.0
      reflect-metadata: ^0.1.12
    peerDependenciesMeta:
      class-transformer:
        optional: true
      class-validator:
        optional: true
    dependencies:
      '@nestjs/common': 8.4.6_ilikvm6h45uttjv3bneyjhbbs4
      class-validator: 0.13.2
      reflect-metadata: 0.1.13
    dev: false

  /@ngneat/falso/5.4.1:
    resolution: {integrity: sha512-60SN3JZQZVuaB/d9wloqzPaWuHswHC/Ud+BILEb43gzzNjewJYdhAE3bolKE0YgVZHyUn8N9lvJ1YssuGUETYg==}
    dependencies:
      seedrandom: 3.0.5
      uuid: 8.3.2
    dev: true

  /@nodelib/fs.scandir/2.1.5:
    resolution: {integrity: sha512-vq24Bq3ym5HEQm2NKCr3yXDwjc7vTsEThRDnkp2DK9p1uqLR+DHurm/NOTo0KG7HYHU7eppKZj3MyqYuMBf62g==}
    engines: {node: '>= 8'}
    dependencies:
      '@nodelib/fs.stat': 2.0.5
      run-parallel: 1.2.0
    dev: false

  /@nodelib/fs.stat/2.0.5:
    resolution: {integrity: sha512-RkhPPp2zrqDAQA/2jNhnztcPAlv64XdhIp7a7454A5ovI7Bukxgt7MX7udwAu3zg1DcpPU0rz3VV1SeaqvY4+A==}
    engines: {node: '>= 8'}
    dev: false

  /@nodelib/fs.walk/1.2.8:
    resolution: {integrity: sha512-oGB+UxlgWcgQkgwo8GcEGwemoTFt3FIO9ababBmaGwXIoBKZ+GTy0pP185beGg7Llih/NSHSV2XAs1lnznocSg==}
    engines: {node: '>= 8'}
    dependencies:
      '@nodelib/fs.scandir': 2.1.5
      fastq: 1.13.0
    dev: false

  /@nuxtjs/opencollective/0.3.2:
    resolution: {integrity: sha512-um0xL3fO7Mf4fDxcqx9KryrB7zgRM5JSlvGN5AGkP6JLM5XEKyjeAiPbNxdXVXQ16isuAhYpvP88NgL2BGd6aA==}
    engines: {node: '>=8.0.0', npm: '>=5.0.0'}
    hasBin: true
    dependencies:
      chalk: 4.1.2
      consola: 2.15.3
      node-fetch: 2.6.7
    transitivePeerDependencies:
      - encoding
    dev: false

  /@prisma/client/3.14.0_prisma@3.14.0:
    resolution: {integrity: sha512-atb41UpgTR1MCst0VIbiHTMw8lmXnwUvE1KyUCAkq08+wJyjRE78Due+nSf+7uwqQn+fBFYVmoojtinhlLOSaA==}
    engines: {node: '>=12.6'}
    requiresBuild: true
    peerDependencies:
      prisma: '*'
    peerDependenciesMeta:
      prisma:
        optional: true
    dependencies:
      '@prisma/engines-version': 3.14.0-36.2b0c12756921c891fec4f68d9444e18c7d5d4a6a
      prisma: 3.14.0
    dev: false

  /@prisma/engines-version/3.14.0-36.2b0c12756921c891fec4f68d9444e18c7d5d4a6a:
    resolution: {integrity: sha512-D+yHzq4a2r2Rrd0ZOW/mTZbgDIkUkD8ofKgusEI1xPiZz60Daks+UM7Me2ty5FzH3p/TgyhBpRrfIHx+ha20RQ==}
    dev: false

  /@prisma/engines/3.14.0-36.2b0c12756921c891fec4f68d9444e18c7d5d4a6a:
    resolution: {integrity: sha512-LwZvI3FY6f43xFjQNRuE10JM5R8vJzFTSmbV9X0Wuhv9kscLkjRlZt0BEoiHmO+2HA3B3xxbMfB5du7ZoSFXGg==}
    requiresBuild: true
    dev: true

  /@tsconfig/node10/1.0.8:
    resolution: {integrity: sha512-6XFfSQmMgq0CFLY1MslA/CPUfhIL919M1rMsa5lP2P097N2Wd1sSX0tx1u4olM16fLNhtHZpRhedZJphNJqmZg==}
    dev: true

  /@tsconfig/node12/1.0.9:
    resolution: {integrity: sha512-/yBMcem+fbvhSREH+s14YJi18sp7J9jpuhYByADT2rypfajMZZN4WQ6zBGgBKp53NKmqI36wFYDb3yaMPurITw==}
    dev: true

  /@tsconfig/node14/1.0.1:
    resolution: {integrity: sha512-509r2+yARFfHHE7T6Puu2jjkoycftovhXRqW328PDXTVGKihlb1P8Z9mMZH04ebyajfRY7dedfGynlrFHJUQCg==}
    dev: true

  /@tsconfig/node16/1.0.2:
    resolution: {integrity: sha512-eZxlbI8GZscaGS7kkc/trHTT5xgrjH3/1n2JDwusC9iahPKWMRvRjJSAN5mCXviuTGQ/lHnhvv8Q1YTpnfz9gA==}
    dev: true

  /@types/node/17.0.38:
    resolution: {integrity: sha512-5jY9RhV7c0Z4Jy09G+NIDTsCZ5G0L5n+Z+p+Y7t5VJHM30bgwzSjVtlcBxqAj+6L/swIlvtOSzr8rBk/aNyV2g==}
    dev: true

  /acorn-walk/8.2.0:
    resolution: {integrity: sha512-k+iyHEuPgSw6SbuDpGQM+06HQUa04DZ3o+F6CSzXMvvI5KMvnaEqXe+YVe555R9nn6GPt404fos4wcgpw12SDA==}
    engines: {node: '>=0.4.0'}
    dev: true

  /acorn/8.7.1:
    resolution: {integrity: sha512-Xx54uLJQZ19lKygFXOWsscKUbsBZW0CPykPhVQdhIeIwrbPmJzqeASDInc8nKBnp/JT6igTs82qPXz069H8I/A==}
    engines: {node: '>=0.4.0'}
    hasBin: true
    dev: true

  /ansi-styles/4.3.0:
    resolution: {integrity: sha512-zbB9rCJAT1rbjiVDb2hqKFHNYLxgtk8NURxZ3IZwD3F6NtxbXZQCnnSi1Lkx+IDohdPlFp222wVALIheZJQSEg==}
    engines: {node: '>=8'}
    dependencies:
      color-convert: 2.0.1
    dev: false

  /anymatch/3.1.2:
    resolution: {integrity: sha512-P43ePfOAIupkguHUycrc4qJ9kz8ZiuOUijaETwX7THt0Y/GNK7v0aa8rY816xWjZ7rJdA5XdMcpVFTKMq+RvWg==}
    engines: {node: '>= 8'}
    dependencies:
      normalize-path: 3.0.0
      picomatch: 2.3.1
    dev: false

  /arg/4.1.3:
    resolution: {integrity: sha512-58S9QDqG0Xx27YwPSt9fJxivjYl432YCwfDMfZ+71RAqUrZef7LrKQZ3LHLOwCS4FLNBplP533Zx895SeOCHvA==}
    dev: true

  /asynckit/0.4.0:
    resolution: {integrity: sha512-Oei9OH4tRh0YqU3GxhX79dM/mwVgvbZJaSNaRk+bshkj0S5cfHcgYakreBjrHwatXKbz+IoIdYLxrKim2MjW0Q==}
    dev: false

  /axios/0.27.2:
    resolution: {integrity: sha512-t+yRIyySRTp/wua5xEr+z1q60QmLq8ABsS5O9Me1AsE5dfKqgnCFzwiCZZ/cGNd1lq4/7akDWMxdhVlucjmnOQ==}
    dependencies:
      follow-redirects: 1.15.1
      form-data: 4.0.0
    transitivePeerDependencies:
      - debug
    dev: false

  /backo2/1.0.2:
    resolution: {integrity: sha512-zj6Z6M7Eq+PBZ7PQxl5NT665MvJdAkzp0f60nAJ+sLaSCBPMwVak5ZegFbgVCzFcCJTKFoMizvM5Ld7+JrRJHA==}
    dev: false

  /bcryptjs/2.4.3:
    resolution: {integrity: sha512-V/Hy/X9Vt7f3BbPJEi8BdVFMByHi+jNXrYkW3huaybV/kQ0KJg0Y6PkEMbn+zeT+i+SiKZ/HMqJGIIt4LZDqNQ==}
    dev: true

  /binary-extensions/2.2.0:
    resolution: {integrity: sha512-jDctJ/IVQbZoJykoeHbhXpOlNBqGNcwXJKJog42E5HDPUwQTSdjCHdihjj0DlnheQ7blbT6dHOafNAiS8ooQKA==}
    engines: {node: '>=8'}
    dev: false

  /braces/3.0.2:
    resolution: {integrity: sha512-b8um+L1RzM3WDSzvhm6gIz1yfTbBt6YTlcEKAvsmqCZZFw46z626lVj9j1yEPW33H5H+lBQpZMP1k8l+78Ha0A==}
    engines: {node: '>=8'}
    dependencies:
      fill-range: 7.0.1
    dev: false

  /chalk/4.1.2:
    resolution: {integrity: sha512-oKnbhFyRIXpUuez8iBMmyEa4nbj4IOQyuhc/wy9kY7/WVPcwIO9VA668Pu8RkO7+0G76SLROeyw9CpQ061i4mA==}
    engines: {node: '>=10'}
    dependencies:
      ansi-styles: 4.3.0
      supports-color: 7.2.0
    dev: false

  /chokidar/3.5.3:
    resolution: {integrity: sha512-Dr3sfKRP6oTcjf2JmUmFJfeVMvXBdegxB0iVQ5eb2V10uFJUCAS8OByZdVAyVb8xXNz3GjjTgj9kLWsZTqE6kw==}
    engines: {node: '>= 8.10.0'}
    dependencies:
      anymatch: 3.1.2
      braces: 3.0.2
      glob-parent: 5.1.2
      is-binary-path: 2.1.0
      is-glob: 4.0.3
      normalize-path: 3.0.0
      readdirp: 3.6.0
    optionalDependencies:
      fsevents: 2.3.2
    dev: false

  /class-validator/0.13.2:
    resolution: {integrity: sha512-yBUcQy07FPlGzUjoLuUfIOXzgynnQPPruyK1Ge2B74k9ROwnle1E+NxLWnUv5OLU8hA/qL5leAE9XnXq3byaBw==}
    dependencies:
      libphonenumber-js: 1.10.6
      validator: 13.7.0
    dev: false

  /color-convert/2.0.1:
    resolution: {integrity: sha512-RRECPsj7iu/xb5oKYcsFHSppFNnsj/52OVTRKb4zP5onXwVF3zVmmToNcOfGC+CRDpfK/U584fMg38ZHCaElKQ==}
    engines: {node: '>=7.0.0'}
    dependencies:
      color-name: 1.1.4
    dev: false

  /color-name/1.1.4:
    resolution: {integrity: sha512-dOy+3AuW3a2wNbZHIuMZpTcgjGuLU/uBL/ubcZF9OXbDo8ff4O8yVp5Bf0efS8uEoYo5q4Fx7dY9OgQGXgAsQA==}
    dev: false

  /combined-stream/1.0.8:
    resolution: {integrity: sha512-FQN4MRfuJeHf7cBbBMJFXhKSDq+2kAArBlmRBvcvFE5BB1HZKXtSFASDhdlz9zOYwxh8lDdnvmMOe/+5cdoEdg==}
    engines: {node: '>= 0.8'}
    dependencies:
      delayed-stream: 1.0.0
    dev: false

  /consola/2.15.3:
    resolution: {integrity: sha512-9vAdYbHj6x2fLKC4+oPH0kFzY/orMZyG2Aj+kNylHxKGJ/Ed4dpNyAQYwJOdqO4zdM7XpVHmyejQDcQHrnuXbw==}
    dev: false

  /create-require/1.1.1:
    resolution: {integrity: sha512-dcKFX3jn0MpIaXjisoRvexIJVEKzaq7z2rZKxf+MSr9TkdmHmsU4m2lcLojrj/FHl8mk5VxMmYA+ftRkP/3oKQ==}
    dev: true

  /delayed-stream/1.0.0:
    resolution: {integrity: sha512-ZySD7Nf91aLB0RxL4KGrKHBXl7Eds1DAmEdcoVawXnLD7SDhpNgtuII2aAkg7a7QS41jxPSZ17p4VdGnMHk3MQ==}
    engines: {node: '>=0.4.0'}
    dev: false

  /diff/4.0.2:
    resolution: {integrity: sha512-58lmxKSA4BNyLz+HHMUzlOEpg09FV+ev6ZMe3vJihgdxzgcwZ8VoEEPmALCZG9LmqfVoNMMKpttIYTVG6uDY7A==}
    engines: {node: '>=0.3.1'}
    dev: true

  /eventemitter3/3.1.2:
    resolution: {integrity: sha512-tvtQIeLVHjDkJYnzf2dgVMxfuSGJeM/7UCG17TT4EumTfNtF+0nebF/4zWOIkCreAbtNqhGEboB6BWrwqNaw4Q==}
    dev: false

  /fast-glob/3.2.11:
    resolution: {integrity: sha512-xrO3+1bxSo3ZVHAnqzyuewYT6aMFHRAd4Kcs92MAonjwQZLsK9d0SF1IyQ3k5PoirxTW0Oe/RqFgMQ6TcNE5Ew==}
    engines: {node: '>=8.6.0'}
    dependencies:
      '@nodelib/fs.stat': 2.0.5
      '@nodelib/fs.walk': 1.2.8
      glob-parent: 5.1.2
      merge2: 1.4.1
      micromatch: 4.0.5
    dev: false

  /fast-safe-stringify/2.1.1:
    resolution: {integrity: sha512-W+KJc2dmILlPplD/H4K9l9LcAHAfPtP6BY84uVLXQ6Evcz9Lcg33Y2z1IVblT6xdY54PXYVHEv+0Wpq8Io6zkA==}
    dev: false

  /fastq/1.13.0:
    resolution: {integrity: sha512-YpkpUnK8od0o1hmeSc7UUs/eB/vIPWJYjKck2QKIzAf71Vm1AAQ3EbuZB3g2JIy+pg+ERD0vqI79KyZiB2e2Nw==}
    dependencies:
      reusify: 1.0.4
    dev: false

  /fill-range/7.0.1:
    resolution: {integrity: sha512-qOo9F+dMUmC2Lcb4BbVvnKJxTPjCm+RRpe4gDuGrzkL7mEVl/djYSu2OdQ2Pa302N4oqkSg9ir6jaLWJ2USVpQ==}
    engines: {node: '>=8'}
    dependencies:
      to-regex-range: 5.0.1
    dev: false

  /follow-redirects/1.15.1:
    resolution: {integrity: sha512-yLAMQs+k0b2m7cVxpS1VKJVvoz7SS9Td1zss3XRwXj+ZDH00RJgnuLx7E44wx02kQLrdM3aOOy+FpzS7+8OizA==}
    engines: {node: '>=4.0'}
    peerDependencies:
      debug: '*'
    peerDependenciesMeta:
      debug:
        optional: true
    dev: false

  /form-data/4.0.0:
    resolution: {integrity: sha512-ETEklSGi5t0QMZuiXoA/Q6vcnxcLQP5vdugSpuAyi6SVGi2clPPp+xgEhuMaHC+zGgn31Kd235W35f7Hykkaww==}
    engines: {node: '>= 6'}
    dependencies:
      asynckit: 0.4.0
      combined-stream: 1.0.8
      mime-types: 2.1.35
    dev: false

  /fsevents/2.3.2:
    resolution: {integrity: sha512-xiqMQR4xAeHTuB9uWm+fFRcIOgKBMiOBP+eXiyT7jsgVCq1bkVygt00oASowB7EdtpOHaaPgKt812P9ab+DDKA==}
    engines: {node: ^8.16.0 || ^10.6.0 || >=11.0.0}
    os: [darwin]
    requiresBuild: true
    dev: false
    optional: true

  /glob-parent/5.1.2:
    resolution: {integrity: sha512-AOIgSQCepiJYwP3ARnGx+5VnTu2HBYdzbGP45eLw1vr3zB3vZLeyed1sC9hnbcOc9/SrMyM5RPQrkGz4aS9Zow==}
    engines: {node: '>= 6'}
    dependencies:
      is-glob: 4.0.3
    dev: false

  /graphql-tag/2.12.6_graphql@16.5.0:
    resolution: {integrity: sha512-FdSNcu2QQcWnM2VNvSCCDCVS5PpPqpzgFT8+GXzqJuoDd0CBncxCY278u4mhRO7tMgo2JjgJA5aZ+nWSQ/Z+xg==}
    engines: {node: '>=10'}
    peerDependencies:
      graphql: ^0.9.0 || ^0.10.0 || ^0.11.0 || ^0.12.0 || ^0.13.0 || ^14.0.0 || ^15.0.0 || ^16.0.0
    dependencies:
      graphql: 16.5.0
      tslib: 2.4.0
    dev: false

  /graphql-ws/5.5.5_graphql@16.5.0:
    resolution: {integrity: sha512-hvyIS71vs4Tu/yUYHPvGXsTgo0t3arU820+lT5VjZS2go0ewp2LqyCgxEN56CzOG7Iys52eRhHBiD1gGRdiQtw==}
    engines: {node: '>=10'}
    peerDependencies:
      graphql: '>=0.11 <=16'
    dependencies:
      graphql: 16.5.0
    dev: false

  /graphql/16.5.0:
    resolution: {integrity: sha512-qbHgh8Ix+j/qY+a/ZcJnFQ+j8ezakqPiHwPiZhV/3PgGlgf96QMBB5/f2rkiC9sgLoy/xvT6TSiaf2nTHJh5iA==}
    engines: {node: ^12.22.0 || ^14.16.0 || ^16.0.0 || >=17.0.0}
    dev: true

  /has-flag/4.0.0:
    resolution: {integrity: sha512-EykJT/Q1KjTWctppgIAgfSO0tKVuZUjhgMr17kqTumMl6Afv3EISleU7qZUzoXDFTAHTDC4NOoG/ZxU3EvlMPQ==}
    engines: {node: '>=8'}
    dev: false

  /is-binary-path/2.1.0:
    resolution: {integrity: sha512-ZMERYes6pDydyuGidse7OsHxtbI7WVeUEozgR/g7rd0xUimYNlvZRE/K2MgZTjWy725IfelLeVcEM97mmtRGXw==}
    engines: {node: '>=8'}
    dependencies:
      binary-extensions: 2.2.0
    dev: false

  /is-extglob/2.1.1:
    resolution: {integrity: sha512-SbKbANkN603Vi4jEZv49LeVJMn4yGwsbzZworEoyEiutsN3nJYdbO36zfhGJ6QEDpOZIFkDtnq5JRxmvl3jsoQ==}
    engines: {node: '>=0.10.0'}
    dev: false

  /is-glob/4.0.3:
    resolution: {integrity: sha512-xelSayHH36ZgE7ZWhli7pW34hNbNl8Ojv5KVmkJD4hBdD3th8Tfk9vYasLM+mXWOZhFkgZfxhLSnrwRr4elSSg==}
    engines: {node: '>=0.10.0'}
    dependencies:
      is-extglob: 2.1.1
    dev: false

  /is-number/7.0.0:
    resolution: {integrity: sha512-41Cifkg6e8TylSpdtTpeLVMqvSBEVzTttHvERD741+pnZ8ANv0004MRL43QKPDlK9cGvNp6NZWZUBlbGXYxxng==}
    engines: {node: '>=0.12.0'}
    dev: false

  /iterall/1.3.0:
    resolution: {integrity: sha512-QZ9qOMdF+QLHxy1QIpUHUU1D5pS2CG2P69LF6L6CPjPYA/XMOmKV3PZpawHoAjHNyB0swdVTRxdYT4tbBbxqwg==}
    dev: false

  /iterare/1.2.1:
    resolution: {integrity: sha512-RKYVTCjAnRthyJes037NX/IiqeidgN1xc3j1RjFfECFp28A1GVwK9nA+i0rJPaHqSZwygLzRnFlzUuHFoWWy+Q==}
    engines: {node: '>=6'}
    dev: false

  /libphonenumber-js/1.10.6:
    resolution: {integrity: sha512-CIjT100/SmntsUjsLVs2t3ufeN4KdNXUxhD07tH153pdbaCWuAjv0jK/gPuywR3IImB/U/MQM+x9RfhMs5XZiA==}
    dev: false

  /lodash/4.17.21:
    resolution: {integrity: sha512-v2kDEe57lecTulaDIuNTPy3Ry4gLGJ6Z1O3vE1krgXZNrsQ+LFTGHVxVjcXPs17LhbZVGedAJv8XZ1tvj5FvSg==}
    dev: false

  /make-error/1.3.6:
    resolution: {integrity: sha512-s8UhlNe7vPKomQhC1qFelMokr/Sc3AgNbso3n74mVPA5LTZwkB9NlXf4XPamLxJE8h0gh73rM94xvwRT2CVInw==}
    dev: true

  /merge2/1.4.1:
    resolution: {integrity: sha512-8q7VEgMJW4J8tcfVPy8g09NcQwZdbwFEqhe/WZkoIzjn/3TGDwtOCYtXGxA3O8tPzpczCCDgv+P2P5y00ZJOOg==}
    engines: {node: '>= 8'}
    dev: false

  /micromatch/4.0.5:
    resolution: {integrity: sha512-DMy+ERcEW2q8Z2Po+WNXuw3c5YaUSFjAO5GsJqfEl7UjvtIuFKO6ZrKvcItdy98dwFI2N1tg3zNIdKaQT+aNdA==}
    engines: {node: '>=8.6'}
    dependencies:
      braces: 3.0.2
      picomatch: 2.3.1
    dev: false

  /mime-db/1.52.0:
    resolution: {integrity: sha512-sPU4uV7dYlvtWJxwwxHD0PuihVNiE7TyAbQ5SWxDCB9mUYvOgroQOwYQQOKPJ8CIbE+1ETVlOoK1UC2nU3gYvg==}
    engines: {node: '>= 0.6'}
    dev: false

  /mime-types/2.1.35:
    resolution: {integrity: sha512-ZDY+bPm5zTTF+YpCrAU9nK0UgICYPT0QtT1NZWFv4s++TNkcgVaT0g6+4R2uI4MjQjzysHB1zxuWL50hzaeXiw==}
    engines: {node: '>= 0.6'}
    dependencies:
      mime-db: 1.52.0
    dev: false

  /node-fetch/2.6.7:
    resolution: {integrity: sha512-ZjMPFEfVx5j+y2yF35Kzx5sF7kDzxuDj6ziH4FFbOp87zKDZNx8yExJIb05OGF4Nlt9IHFIMBkRl41VdvcNdbQ==}
    engines: {node: 4.x || >=6.0.0}
    peerDependencies:
      encoding: ^0.1.0
    peerDependenciesMeta:
      encoding:
        optional: true
    dependencies:
      whatwg-url: 5.0.0
    dev: false

  /normalize-path/3.0.0:
    resolution: {integrity: sha512-6eZs5Ls3WtCisHWp9S2GUy8dqkpGi4BVSz3GaqiE6ezub0512ESztXUwUB6C6IKbQkY2Pnb/mD4WYojCRwcwLA==}
    engines: {node: '>=0.10.0'}
    dev: false

  /object-hash/3.0.0:
    resolution: {integrity: sha512-RSn9F68PjH9HqtltsSnqYC1XXoWe9Bju5+213R98cNGttag9q9yAOTzdbsqvIa7aNm5WffBZFpWYr2aWrklWAw==}
    engines: {node: '>= 6'}
    dev: false

  /path-to-regexp/3.2.0:
    resolution: {integrity: sha512-jczvQbCUS7XmS7o+y1aEO9OBVFeZBQ1MDSEqmO7xSoPgOPoowY/SxLpZ6Vh97/8qHZOteiCKb7gkG9gA2ZUxJA==}
    dev: false

  /picomatch/2.3.1:
    resolution: {integrity: sha512-JU3teHTNjmE2VCGFzuY8EXzCDVwEqB2a8fsIvwaStHhAWJEeVd1o1QD80CU6+ZdEXXSLbSsuLwJjkCBWqRQUVA==}
    engines: {node: '>=8.6'}
    dev: false

  /prettier/2.6.2:
    resolution: {integrity: sha512-PkUpF+qoXTqhOeWL9fu7As8LXsIUZ1WYaJiY/a7McAQzxjk82OF0tibkFXVCDImZtWxbvojFjerkiLb0/q8mew==}
    engines: {node: '>=10.13.0'}
    hasBin: true
    dev: false

  /prisma/3.14.0:
    resolution: {integrity: sha512-l9MOgNCn/paDE+i1K2fp9NZ+Du4trzPTJsGkaQHVBufTGqzoYHuNk8JfzXuIn0Gte6/ZjyKj652Jq/Lc1tp2yw==}
    engines: {node: '>=12.6'}
    hasBin: true
    requiresBuild: true
    dependencies:
      '@prisma/engines': 3.14.0-36.2b0c12756921c891fec4f68d9444e18c7d5d4a6a
    dev: true

  /queue-microtask/1.2.3:
    resolution: {integrity: sha512-NuaNSa6flKT5JaSYQzJok04JzTL1CA6aGhv5rfLW3PgqA+M2ChpZQnAC8h8i4ZFkBS8X5RqkDBHA7r4hej3K9A==}
    dev: false

  /readdirp/3.6.0:
    resolution: {integrity: sha512-hOS089on8RduqdbhvQ5Z37A0ESjsqz6qnRcffsMU3495FuTdqSm+7bhJ29JvIOsBDEEnan5DPu9t3To9VRlMzA==}
    engines: {node: '>=8.10.0'}
    dependencies:
      picomatch: 2.3.1
    dev: false

  /reflect-metadata/0.1.13:
    resolution: {integrity: sha512-Ts1Y/anZELhSsjMcU605fU9RE4Oi3p5ORujwbIKXfWa+0Zxs510Qrmrce5/Jowq3cHSZSJqBjypxmHarc+vEWg==}
    dev: true

  /reusify/1.0.4:
    resolution: {integrity: sha512-U9nH88a3fc/ekCF1l0/UP1IosiuIjyTh7hBvXVMHYgVcfGvt897Xguj2UOLDeI5BG2m7/uwyaLVT6fbtCwTyzw==}
    engines: {iojs: '>=1.0.0', node: '>=0.10.0'}
    dev: false

  /run-parallel/1.2.0:
    resolution: {integrity: sha512-5l4VyZR86LZ/lDxZTR6jqL8AFE2S0IFLMP26AbjsLVADxHdhB/c0GUsH+y39UfCi3dzz8OlQuPmnaJOMoDHQBA==}
    dependencies:
      queue-microtask: 1.2.3
    dev: false

  /rxjs/7.5.5:
    resolution: {integrity: sha512-sy+H0pQofO95VDmFLzyaw9xNJU4KTRSwQIGM6+iG3SypAtCiLDzpeG8sJrNCWn2Up9km+KhkvTdbkrdy+yzZdw==}
    dependencies:
      tslib: 2.4.0
    dev: true

  /seedrandom/3.0.5:
    resolution: {integrity: sha512-8OwmbklUNzwezjGInmZ+2clQmExQPvomqjL7LFqOYqtmuxRgQYqOD3mHaU+MvZn5FLUeVxVfQjwLZW/n/JFuqg==}
    dev: true

  /subscriptions-transport-ws/0.11.0_graphql@16.5.0:
    resolution: {integrity: sha512-8D4C6DIH5tGiAIpp5I0wD/xRlNiZAPGHygzCe7VzyzUoxHtawzjNAY9SUTXU05/EY2NMY9/9GF0ycizkXr1CWQ==}
    deprecated: The `subscriptions-transport-ws` package is no longer maintained. We recommend you use `graphql-ws` instead. For help migrating Apollo software to `graphql-ws`, see https://www.apollographql.com/docs/apollo-server/data/subscriptions/#switching-from-subscriptions-transport-ws    For general help using `graphql-ws`, see https://github.com/enisdenjo/graphql-ws/blob/master/README.md
    peerDependencies:
      graphql: ^15.7.2 || ^16.0.0
    dependencies:
      backo2: 1.0.2
      eventemitter3: 3.1.2
      graphql: 16.5.0
      iterall: 1.3.0
      symbol-observable: 1.2.0
      ws: 7.5.8
    transitivePeerDependencies:
      - bufferutil
      - utf-8-validate
    dev: false

  /supports-color/7.2.0:
    resolution: {integrity: sha512-qpCAvRl9stuOHveKsn7HncJRvv501qIacKzQlO/+Lwxc9+0q2wLyv4Dfvt80/DPn2pqOBsJdDiogXGR9+OvwRw==}
    engines: {node: '>=8'}
    dependencies:
      has-flag: 4.0.0
    dev: false

  /symbol-observable/1.2.0:
    resolution: {integrity: sha512-e900nM8RRtGhlV36KGEU9k65K3mPb1WV70OdjfxlG2EAuM1noi/E/BaW/uMhL7bPEssK8QV57vN3esixjUvcXQ==}
    engines: {node: '>=0.10.0'}
    dev: false

  /to-regex-range/5.0.1:
    resolution: {integrity: sha512-65P7iz6X5yEr1cwcgvQxbbIw7Uk3gOy5dIdtZ4rDveLqhrdJP+Li/Hx6tyK0NEb+2GCyneCMJiGqrADCSNk8sQ==}
    engines: {node: '>=8.0'}
    dependencies:
      is-number: 7.0.0
    dev: false

  /tr46/0.0.3:
    resolution: {integrity: sha1-gYT9NH2snNwYWZLzpmIuFLnZq2o=}
    dev: false

  /ts-node/10.8.0_h77muqpegcwcauif74p6js2ti4:
    resolution: {integrity: sha512-/fNd5Qh+zTt8Vt1KbYZjRHCE9sI5i7nqfD/dzBBRDeVXZXS6kToW6R7tTU6Nd4XavFs0mAVCg29Q//ML7WsZYA==}
    hasBin: true
    peerDependencies:
      '@swc/core': '>=1.2.50'
      '@swc/wasm': '>=1.2.50'
      '@types/node': '*'
      typescript: '>=2.7'
    peerDependenciesMeta:
      '@swc/core':
        optional: true
      '@swc/wasm':
        optional: true
    dependencies:
      '@cspotcode/source-map-support': 0.8.1
      '@tsconfig/node10': 1.0.8
      '@tsconfig/node12': 1.0.9
      '@tsconfig/node14': 1.0.1
      '@tsconfig/node16': 1.0.2
      '@types/node': 17.0.38
      acorn: 8.7.1
      acorn-walk: 8.2.0
      arg: 4.1.3
      create-require: 1.1.1
      diff: 4.0.2
      make-error: 1.3.6
      typescript: 4.7.2
      v8-compile-cache-lib: 3.0.1
      yn: 3.1.1
    dev: true

  /tslib/2.4.0:
    resolution: {integrity: sha512-d6xOpEDfsi2CZVlPQzGeux8XMwLT9hssAsaPYExaQMuYskwb+x1x7J371tWlbBdWHroy99KnVB6qIkUbs5X3UQ==}

  /typescript/4.7.2:
    resolution: {integrity: sha512-Mamb1iX2FDUpcTRzltPxgWMKy3fhg0TN378ylbktPGPK/99KbDtMQ4W1hwgsbPAsG3a0xKa1vmw4VKZQbkvz5A==}
    engines: {node: '>=4.2.0'}
    hasBin: true
    dev: true

  /uuid/8.3.2:
    resolution: {integrity: sha512-+NYs2QeMWy+GWFOEm9xnn6HCDp0l7QBD7ml8zLUmJ+93Q5NF0NocErnwkTkXVFNiX3/fpC6afS8Dhb/gz7R7eg==}
    hasBin: true

  /v8-compile-cache-lib/3.0.1:
    resolution: {integrity: sha512-wa7YjyUGfNZngI/vtK0UHAN+lgDCxBPCylVXGp0zu59Fz5aiGtNXaq3DhIov063MorB+VfufLh3JlF2KdTK3xg==}
    dev: true

  /validator/13.7.0:
    resolution: {integrity: sha512-nYXQLCBkpJ8X6ltALua9dRrZDHVYxjJ1wgskNt1lH9fzGjs3tgojGSCBjmEPwkWS1y29+DrizMTW19Pr9uB2nw==}
    engines: {node: '>= 0.10'}
    dev: false

  /value-or-promise/1.0.11:
    resolution: {integrity: sha512-41BrgH+dIbCFXClcSapVs5M6GkENd3gQOJpEfPDNa71LsUGMXDL0jMWpI/Rh7WhX+Aalfz2TTS3Zt5pUsbnhLg==}
    engines: {node: '>=12'}
    dev: false

  /webidl-conversions/3.0.1:
    resolution: {integrity: sha1-JFNCdeKnvGvnvIZhHMFq4KVlSHE=}
    dev: false

  /whatwg-url/5.0.0:
    resolution: {integrity: sha1-lmRU6HZUYuN2RNNib2dCzotwll0=}
    dependencies:
      tr46: 0.0.3
      webidl-conversions: 3.0.1
    dev: false

  /ws/7.5.8:
    resolution: {integrity: sha512-ri1Id1WinAX5Jqn9HejiGb8crfRio0Qgu8+MtL36rlTA6RLsMdWt1Az/19A2Qij6uSHUMphEFaTKa4WG+UNHNw==}
    engines: {node: '>=8.3.0'}
    peerDependencies:
      bufferutil: ^4.0.1
      utf-8-validate: ^5.0.2
    peerDependenciesMeta:
      bufferutil:
        optional: true
      utf-8-validate:
        optional: true
    dev: false

  /ws/8.7.0:
    resolution: {integrity: sha512-c2gsP0PRwcLFzUiA8Mkr37/MI7ilIlHQxaEAtd0uNMbVMoy8puJyafRlm0bV9MbGSabUPeLrRRaqIBcFcA2Pqg==}
    engines: {node: '>=10.0.0'}
    peerDependencies:
      bufferutil: ^4.0.1
      utf-8-validate: ^5.0.2
    peerDependenciesMeta:
      bufferutil:
        optional: true
      utf-8-validate:
        optional: true
    dev: false

  /yn/3.1.1:
    resolution: {integrity: sha512-Ux4ygGWsu2c7isFWe8Yu1YluJmqVhxqK2cLXNQA5AcC3QfbGNpM7fu0Y8b/z16pXLnFxZYvWhd3fhBY9DLmC6Q==}
    engines: {node: '>=6'}
    dev: true
